{
  "object": {
    "pins": [
      {
        "package": "Facebook",
        "repositoryURL": "https://github.com/facebook/facebook-ios-sdk",
        "state": {
          "branch": null,
          "revision": "d6b2a0d12ebebbcaffbd9f2077dfe7ceaaf5ec4c",
          "version": "11.2.0"
        }
      }
    ]
  },
  "version": 1
}
