// !$*UTF8*$!
{
	archiveVersion = 1;
	classes = {
	};
	objectVersion = 52;
	objects = {

/* Begin PBXBuildFile section */
		ACC4D3F426EF3DCD0055FD2A /* AppDelegate.swift in Sources */ = {isa = PBXBuildFile; fileRef = ACC4D3F326EF3DCD0055FD2A /* AppDelegate.swift */; };
		ACC4D3F626EF3DCD0055FD2A /* SceneDelegate.swift in Sources */ = {isa = PBXBuildFile; fileRef = ACC4D3F526EF3DCD0055FD2A /* SceneDelegate.swift */; };
		ACC4D3F826EF3DCD0055FD2A /* ViewController.swift in Sources */ = {isa = PBXBuildFile; fileRef = ACC4D3F726EF3DCD0055FD2A /* ViewController.swift */; };
		ACC4D3FB26EF3DCD0055FD2A /* Main.storyboard in Resources */ = {isa = PBXBuildFile; fileRef = ACC4D3F926EF3DCD0055FD2A /* Main.storyboard */; };
		ACC4D3FD26EF3DCD0055FD2A /* Assets.xcassets in Resources */ = {isa = PBXBuildFile; fileRef = ACC4D3FC26EF3DCD0055FD2A /* Assets.xcassets */; };
		ACC4D40026EF3DCD0055FD2A /* LaunchScreen.storyboard in Resources */ = {isa = PBXBuildFile; fileRef = ACC4D3FE26EF3DCD0055FD2A /* LaunchScreen.storyboard */; };
		ACC4D40926EF3FF00055FD2A /* FacebookShare in Frameworks */ = {isa = PBXBuildFile; productRef = ACC4D40826EF3FF00055FD2A /* FacebookShare */; };
		ACC4D40B26EF3FF00055FD2A /* FacebookCore in Frameworks */ = {isa = PBXBuildFile; productRef = ACC4D40A26EF3FF00055FD2A /* FacebookCore */; };
		ACC4D40D26EF3FF00055FD2A /* FacebookAEM in Frameworks */ = {isa = PBXBuildFile; productRef = ACC4D40C26EF3FF00055FD2A /* FacebookAEM */; };
		ACC4D40F26EF3FF00055FD2A /* FacebookGamingServices in Frameworks */ = {isa = PBXBuildFile; productRef = ACC4D40E26EF3FF00055FD2A /* FacebookGamingServices */; };
		ACC4D41126EF3FF00055FD2A /* FacebookLogin in Frameworks */ = {isa = PBXBuildFile; productRef = ACC4D41026EF3FF00055FD2A /* FacebookLogin */; };
		ACC4D41426F33C7F0055FD2A /* AlbumsViewController.swift in Sources */ = {isa = PBXBuildFile; fileRef = ACC4D41326F33C7F0055FD2A /* AlbumsViewController.swift */; };
		ACC4D41626F33D0D0055FD2A /* PhotoViewController.swift in Sources */ = {isa = PBXBuildFile; fileRef = ACC4D41526F33D0D0055FD2A /* PhotoViewController.swift */; };
/* End PBXBuildFile section */

/* Begin PBXFileReference section */
		ACC4D3F026EF3DCD0055FD2A /* fbphoto.app */ = {isa = PBXFileReference; explicitFileType = wrapper.application; includeInIndex = 0; path = fbphoto.app; sourceTree = BUILT_PRODUCTS_DIR; };
		ACC4D3F326EF3DCD0055FD2A /* AppDelegate.swift */ = {isa = PBXFileReference; lastKnownFileType = sourcecode.swift; path = AppDelegate.swift; sourceTree = "<group>"; };
		ACC4D3F526EF3DCD0055FD2A /* SceneDelegate.swift */ = {isa = PBXFileReference; lastKnownFileType = sourcecode.swift; path = SceneDelegate.swift; sourceTree = "<group>"; };
		ACC4D3F726EF3DCD0055FD2A /* ViewController.swift */ = {isa = PBXFileReference; lastKnownFileType = sourcecode.swift; path = ViewController.swift; sourceTree = "<group>"; };
		ACC4D3FA26EF3DCD0055FD2A /* Base */ = {isa = PBXFileReference; lastKnownFileType = file.storyboard; name = Base; path = Base.lproj/Main.storyboard; sourceTree = "<group>"; };
		ACC4D3FC26EF3DCD0055FD2A /* Assets.xcassets */ = {isa = PBXFileReference; lastKnownFileType = folder.assetcatalog; path = Assets.xcassets; sourceTree = "<group>"; };
		ACC4D3FF26EF3DCD0055FD2A /* Base */ = {isa = PBXFileReference; lastKnownFileType = file.storyboard; name = Base; path = Base.lproj/LaunchScreen.storyboard; sourceTree = "<group>"; };
		ACC4D40126EF3DCD0055FD2A /* Info.plist */ = {isa = PBXFileReference; lastKnownFileType = text.plist.xml; path = Info.plist; sourceTree = "<group>"; };
		ACC4D41326F33C7F0055FD2A /* AlbumsViewController.swift */ = {isa = PBXFileReference; lastKnownFileType = sourcecode.swift; path = AlbumsViewController.swift; sourceTree = "<group>"; };
		ACC4D41526F33D0D0055FD2A /* PhotoViewController.swift */ = {isa = PBXFileReference; lastKnownFileType = sourcecode.swift; path = PhotoViewController.swift; sourceTree = "<group>"; };
/* End PBXFileReference section */

/* Begin PBXFrameworksBuildPhase section */
		ACC4D3ED26EF3DCD0055FD2A /* Frameworks */ = {
			isa = PBXFrameworksBuildPhase;
			buildActionMask = 2147483647;
			files = (
				ACC4D41126EF3FF00055FD2A /* FacebookLogin in Frameworks */,
				ACC4D40D26EF3FF00055FD2A /* FacebookAEM in Frameworks */,
				ACC4D40926EF3FF00055FD2A /* FacebookShare in Frameworks */,
				ACC4D40B26EF3FF00055FD2A /* FacebookCore in Frameworks */,
				ACC4D40F26EF3FF00055FD2A /* FacebookGamingServices in Frameworks */,
			);
			runOnlyForDeploymentPostprocessing = 0;
		};
/* End PBXFrameworksBuildPhase section */

/* Begin PBXGroup section */
		ACC4D3E726EF3DCD0055FD2A = {
			isa = PBXGroup;
			children = (
				ACC4D3F226EF3DCD0055FD2A /* fbphoto */,
				ACC4D3F126EF3DCD0055FD2A /* Products */,
			);
			sourceTree = "<group>";
		};
		ACC4D3F126EF3DCD0055FD2A /* Products */ = {
			isa = PBXGroup;
			children = (
				ACC4D3F026EF3DCD0055FD2A /* fbphoto.app */,
			);
			name = Products;
			sourceTree = "<group>";
		};
		ACC4D3F226EF3DCD0055FD2A /* fbphoto */ = {
			isa = PBXGroup;
			children = (
				ACC4D3F326EF3DCD0055FD2A /* AppDelegate.swift */,
				ACC4D41226F33C560055FD2A /* ViewControllers */,
				ACC4D3F526EF3DCD0055FD2A /* SceneDelegate.swift */,
				ACC4D3F726EF3DCD0055FD2A /* ViewController.swift */,
				ACC4D3F926EF3DCD0055FD2A /* Main.storyboard */,
				ACC4D3FC26EF3DCD0055FD2A /* Assets.xcassets */,
				ACC4D3FE26EF3DCD0055FD2A /* LaunchScreen.storyboard */,
				ACC4D40126EF3DCD0055FD2A /* Info.plist */,
			);
			path = fbphoto;
			sourceTree = "<group>";
		};
		ACC4D41226F33C560055FD2A /* ViewControllers */ = {
			isa = PBXGroup;
			children = (
				ACC4D41326F33C7F0055FD2A /* AlbumsViewController.swift */,
				ACC4D41526F33D0D0055FD2A /* PhotoViewController.swift */,
			);
			path = ViewControllers;
			sourceTree = "<group>";
		};
/* End PBXGroup section */

/* Begin PBXNativeTarget section */
		ACC4D3EF26EF3DCD0055FD2A /* fbphoto */ = {
			isa = PBXNativeTarget;
			buildConfigurationList = ACC4D40426EF3DCD0055FD2A /* Build configuration list for PBXNativeTarget "fbphoto" */;
			buildPhases = (
				ACC4D3EC26EF3DCD0055FD2A /* Sources */,
				ACC4D3ED26EF3DCD0055FD2A /* Frameworks */,
				ACC4D3EE26EF3DCD0055FD2A /* Resources */,
			);
			buildRules = (
			);
			dependencies = (
			);
			name = fbphoto;
			packageProductDependencies = (
				ACC4D40826EF3FF00055FD2A /* FacebookShare */,
				ACC4D40A26EF3FF00055FD2A /* FacebookCore */,
				ACC4D40C26EF3FF00055FD2A /* FacebookAEM */,
				ACC4D40E26EF3FF00055FD2A /* FacebookGamingServices */,
				ACC4D41026EF3FF00055FD2A /* FacebookLogin */,
			);
			productName = fbphoto;
			productReference = ACC4D3F026EF3DCD0055FD2A /* fbphoto.app */;
			productType = "com.apple.product-type.application";
		};
/* End PBXNativeTarget section */

/* Begin PBXProject section */
		ACC4D3E826EF3DCD0055FD2A /* Project object */ = {
			isa = PBXProject;
			attributes = {
				LastSwiftUpdateCheck = 1250;
				LastUpgradeCheck = 1250;
				TargetAttributes = {
					ACC4D3EF26EF3DCD0055FD2A = {
						CreatedOnToolsVersion = 12.5.1;
					};
				};
			};
			buildConfigurationList = ACC4D3EB26EF3DCD0055FD2A /* Build configuration list for PBXProject "fbphoto" */;
			compatibilityVersion = "Xcode 9.3";
			developmentRegion = en;
			hasScannedForEncodings = 0;
			knownRegions = (
				en,
				Base,
			);
			mainGroup = ACC4D3E726EF3DCD0055FD2A;
			packageReferences = (
				ACC4D40726EF3FF00055FD2A /* XCRemoteSwiftPackageReference "facebook-ios-sdk" */,
			);
			productRefGroup = ACC4D3F126EF3DCD0055FD2A /* Products */;
			projectDirPath = "";
			projectRoot = "";
			targets = (
				ACC4D3EF26EF3DCD0055FD2A /* fbphoto */,
			);
		};
/* End PBXProject section */

/* Begin PBXResourcesBuildPhase section */
		ACC4D3EE26EF3DCD0055FD2A /* Resources */ = {
			isa = PBXResourcesBuildPhase;
			buildActionMask = 2147483647;
			files = (
				ACC4D40026EF3DCD0055FD2A /* LaunchScreen.storyboard in Resources */,
				ACC4D3FD26EF3DCD0055FD2A /* Assets.xcassets in Resources */,
				ACC4D3FB26EF3DCD0055FD2A /* Main.storyboard in Resources */,
			);
			runOnlyForDeploymentPostprocessing = 0;
		};
/* End PBXResourcesBuildPhase section */

/* Begin PBXSourcesBuildPhase section */
		ACC4D3EC26EF3DCD0055FD2A /* Sources */ = {
			isa = PBXSourcesBuildPhase;
			buildActionMask = 2147483647;
			files = (
				ACC4D41426F33C7F0055FD2A /* AlbumsViewController.swift in Sources */,
				ACC4D3F826EF3DCD0055FD2A /* ViewController.swift in Sources */,
				ACC4D3F426EF3DCD0055FD2A /* AppDelegate.swift in Sources */,
				ACC4D3F626EF3DCD0055FD2A /* SceneDelegate.swift in Sources */,
				ACC4D41626F33D0D0055FD2A /* PhotoViewController.swift in Sources */,
			);
			runOnlyForDeploymentPostprocessing = 0;
		};
/* End PBXSourcesBuildPhase section */

/* Begin PBXVariantGroup section */
		ACC4D3F926EF3DCD0055FD2A /* Main.storyboard */ = {
			isa = PBXVariantGroup;
			children = (
				ACC4D3FA26EF3DCD0055FD2A /* Base */,
			);
			name = Main.storyboard;
			sourceTree = "<group>";
		};
		ACC4D3FE26EF3DCD0055FD2A /* LaunchScreen.storyboard */ = {
			isa = PBXVariantGroup;
			children = (
				ACC4D3FF26EF3DCD0055FD2A /* Base */,
			);
			name = LaunchScreen.storyboard;
			sourceTree = "<group>";
		};
/* End PBXVariantGroup section */

/* Begin XCBuildConfiguration section */
		ACC4D40226EF3DCD0055FD2A /* Debug */ = {
			isa = XCBuildConfiguration;
			buildSettings = {
				ALWAYS_SEARCH_USER_PATHS = NO;
				CLANG_ANALYZER_NONNULL = YES;
				CLANG_ANALYZER_NUMBER_OBJECT_CONVERSION = YES_AGGRESSIVE;
				CLANG_CXX_LANGUAGE_STANDARD = "gnu++14";
				CLANG_CXX_LIBRARY = "libc++";
				CLANG_ENABLE_MODULES = YES;
				CLANG_ENABLE_OBJC_ARC = YES;
				CLANG_ENABLE_OBJC_WEAK = YES;
				CLANG_WARN_BLOCK_CAPTURE_AUTORELEASING = YES;
				CLANG_WARN_BOOL_CONVERSION = YES;
				CLANG_WARN_COMMA = YES;
				CLANG_WARN_CONSTANT_CONVERSION = YES;
				CLANG_WARN_DEPRECATED_OBJC_IMPLEMENTATIONS = YES;
				CLANG_WARN_DIRECT_OBJC_ISA_USAGE = YES_ERROR;
				CLANG_WARN_DOCUMENTATION_COMMENTS = YES;
				CLANG_WARN_EMPTY_BODY = YES;
				CLANG_WARN_ENUM_CONVERSION = YES;
				CLANG_WARN_INFINITE_RECURSION = YES;
				CLANG_WARN_INT_CONVERSION = YES;
				CLANG_WARN_NON_LITERAL_NULL_CONVERSION = YES;
				CLANG_WARN_OBJC_IMPLICIT_RETAIN_SELF = YES;
				CLANG_WARN_OBJC_LITERAL_CONVERSION = YES;
				CLANG_WARN_OBJC_ROOT_CLASS = YES_ERROR;
				CLANG_WARN_QUOTED_INCLUDE_IN_FRAMEWORK_HEADER = YES;
				CLANG_WARN_RANGE_LOOP_ANALYSIS = YES;
				CLANG_WARN_STRICT_PROTOTYPES = YES;
				CLANG_WARN_SUSPICIOUS_MOVE = YES;
				CLANG_WARN_UNGUARDED_AVAILABILITY = YES_AGGRESSIVE;
				CLANG_WARN_UNREACHABLE_CODE = YES;
				CLANG_WARN__DUPLICATE_METHOD_MATCH = YES;
				COPY_PHASE_STRIP = NO;
				DEBUG_INFORMATION_FORMAT = dwarf;
				ENABLE_STRICT_OBJC_MSGSEND = YES;
				ENABLE_TESTABILITY = YES;
				GCC_C_LANGUAGE_STANDARD = gnu11;
				GCC_DYNAMIC_NO_PIC = NO;
				GCC_NO_COMMON_BLOCKS = YES;
				GCC_OPTIMIZATION_LEVEL = 0;
				GCC_PREPROCESSOR_DEFINITIONS = (
					"DEBUG=1",
					"$(inherited)",
				);
				GCC_WARN_64_TO_32_BIT_CONVERSION = YES;
				GCC_WARN_ABOUT_RETURN_TYPE = YES_ERROR;
				GCC_WARN_UNDECLARED_SELECTOR = YES;
				GCC_WARN_UNINITIALIZED_AUTOS = YES_AGGRESSIVE;
				GCC_WARN_UNUSED_FUNCTION = YES;
				GCC_WARN_UNUSED_VARIABLE = YES;
				IPHONEOS_DEPLOYMENT_TARGET = 14.5;
				MTL_ENABLE_DEBUG_INFO = INCLUDE_SOURCE;
				MTL_FAST_MATH = YES;
				ONLY_ACTIVE_ARCH = YES;
				SDKROOT = iphoneos;
				SWIFT_ACTIVE_COMPILATION_CONDITIONS = DEBUG;
				SWIFT_OPTIMIZATION_LEVEL = "-Onone";
			};
			name = Debug;
		};
		ACC4D40326EF3DCD0055FD2A /* Release */ = {
			isa = XCBuildConfiguration;
			buildSettings = {
				ALWAYS_SEARCH_USER_PATHS = NO;
				CLANG_ANALYZER_NONNULL = YES;
				CLANG_ANALYZER_NUMBER_OBJECT_CONVERSION = YES_AGGRESSIVE;
				CLANG_CXX_LANGUAGE_STANDARD = "gnu++14";
				CLANG_CXX_LIBRARY = "libc++";
				CLANG_ENABLE_MODULES = YES;
				CLANG_ENABLE_OBJC_ARC = YES;
				CLANG_ENABLE_OBJC_WEAK = YES;
				CLANG_WARN_BLOCK_CAPTURE_AUTORELEASING = YES;
				CLANG_WARN_BOOL_CONVERSION = YES;
				CLANG_WARN_COMMA = YES;
				CLANG_WARN_CONSTANT_CONVERSION = YES;
				CLANG_WARN_DEPRECATED_OBJC_IMPLEMENTATIONS = YES;
				CLANG_WARN_DIRECT_OBJC_ISA_USAGE = YES_ERROR;
				CLANG_WARN_DOCUMENTATION_COMMENTS = YES;
				CLANG_WARN_EMPTY_BODY = YES;
				CLANG_WARN_ENUM_CONVERSION = YES;
				CLANG_WARN_INFINITE_RECURSION = YES;
				CLANG_WARN_INT_CONVERSION = YES;
				CLANG_WARN_NON_LITERAL_NULL_CONVERSION = YES;
				CLANG_WARN_OBJC_IMPLICIT_RETAIN_SELF = YES;
				CLANG_WARN_OBJC_LITERAL_CONVERSION = YES;
				CLANG_WARN_OBJC_ROOT_CLASS = YES_ERROR;
				CLANG_WARN_QUOTED_INCLUDE_IN_FRAMEWORK_HEADER = YES;
				CLANG_WARN_RANGE_LOOP_ANALYSIS = YES;
				CLANG_WARN_STRICT_PROTOTYPES = YES;
				CLANG_WARN_SUSPICIOUS_MOVE = YES;
				CLANG_WARN_UNGUARDED_AVAILABILITY = YES_AGGRESSIVE;
				CLANG_WARN_UNREACHABLE_CODE = YES;
				CLANG_WARN__DUPLICATE_METHOD_MATCH = YES;
				COPY_PHASE_STRIP = NO;
				DEBUG_INFORMATION_FORMAT = "dwarf-with-dsym";
				ENABLE_NS_ASSERTIONS = NO;
				ENABLE_STRICT_OBJC_MSGSEND = YES;
				GCC_C_LANGUAGE_STANDARD = gnu11;
				GCC_NO_COMMON_BLOCKS = YES;
				GCC_WARN_64_TO_32_BIT_CONVERSION = YES;
				GCC_WARN_ABOUT_RETURN_TYPE = YES_ERROR;
				GCC_WARN_UNDECLARED_SELECTOR = YES;
				GCC_WARN_UNINITIALIZED_AUTOS = YES_AGGRESSIVE;
				GCC_WARN_UNUSED_FUNCTION = YES;
				GCC_WARN_UNUSED_VARIABLE = YES;
				IPHONEOS_DEPLOYMENT_TARGET = 14.5;
				MTL_ENABLE_DEBUG_INFO = NO;
				MTL_FAST_MATH = YES;
				SDKROOT = iphoneos;
				SWIFT_COMPILATION_MODE = wholemodule;
				SWIFT_OPTIMIZATION_LEVEL = "-O";
				VALIDATE_PRODUCT = YES;
			};
			name = Release;
		};
		ACC4D40526EF3DCD0055FD2A /* Debug */ = {
			isa = XCBuildConfiguration;
			buildSettings = {
				ASSETCATALOG_COMPILER_APPICON_NAME = AppIcon;
				ASSETCATALOG_COMPILER_GLOBAL_ACCENT_COLOR_NAME = AccentColor;
				CODE_SIGN_STYLE = Automatic;
				DEVELOPMENT_TEAM = JRBSMKXBWD;
				INFOPLIST_FILE = fbphoto/Info.plist;
				LD_RUNPATH_SEARCH_PATHS = (
					"$(inherited)",
					"@executable_path/Frameworks",
				);
				PRODUCT_BUNDLE_IDENTIFIER = com.fb.fbphoto;
				PRODUCT_NAME = "$(TARGET_NAME)";
				SWIFT_VERSION = 5.0;
				TARGETED_DEVICE_FAMILY = "1,2";
			};
			name = Debug;
		};
		ACC4D40626EF3DCD0055FD2A /* Release */ = {
			isa = XCBuildConfiguration;
			buildSettings = {
				ASSETCATALOG_COMPILER_APPICON_NAME = AppIcon;
				ASSETCATALOG_COMPILER_GLOBAL_ACCENT_COLOR_NAME = AccentColor;
				CODE_SIGN_STYLE = Automatic;
				DEVELOPMENT_TEAM = JRBSMKXBWD;
				INFOPLIST_FILE = fbphoto/Info.plist;
				LD_RUNPATH_SEARCH_PATHS = (
					"$(inherited)",
					"@executable_path/Frameworks",
				);
				PRODUCT_BUNDLE_IDENTIFIER = com.fb.fbphoto;
				PRODUCT_NAME = "$(TARGET_NAME)";
				SWIFT_VERSION = 5.0;
				TARGETED_DEVICE_FAMILY = "1,2";
			};
			name = Release;
		};
/* End XCBuildConfiguration section */

/* Begin XCConfigurationList section */
		ACC4D3EB26EF3DCD0055FD2A /* Build configuration list for PBXProject "fbphoto" */ = {
			isa = XCConfigurationList;
			buildConfigurations = (
				ACC4D40226EF3DCD0055FD2A /* Debug */,
				ACC4D40326EF3DCD0055FD2A /* Release */,
			);
			defaultConfigurationIsVisible = 0;
			defaultConfigurationName = Release;
		};
		ACC4D40426EF3DCD0055FD2A /* Build configuration list for PBXNativeTarget "fbphoto" */ = {
			isa = XCConfigurationList;
			buildConfigurations = (
				ACC4D40526EF3DCD0055FD2A /* Debug */,
				ACC4D40626EF3DCD0055FD2A /* Release */,
			);
			defaultConfigurationIsVisible = 0;
			defaultConfigurationName = Release;
		};
/* End XCConfigurationList section */

/* Begin XCRemoteSwiftPackageReference section */
		ACC4D40726EF3FF00055FD2A /* XCRemoteSwiftPackageReference "facebook-ios-sdk" */ = {
			isa = XCRemoteSwiftPackageReference;
			repositoryURL = "https://github.com/facebook/facebook-ios-sdk";
			requirement = {
				kind = upToNextMajorVersion;
				minimumVersion = 11.2.0;
			};
		};
/* End XCRemoteSwiftPackageReference section */

/* Begin XCSwiftPackageProductDependency section */
		ACC4D40826EF3FF00055FD2A /* FacebookShare */ = {
			isa = XCSwiftPackageProductDependency;
			package = ACC4D40726EF3FF00055FD2A /* XCRemoteSwiftPackageReference "facebook-ios-sdk" */;
			productName = FacebookShare;
		};
		ACC4D40A26EF3FF00055FD2A /* FacebookCore */ = {
			isa = XCSwiftPackageProductDependency;
			package = ACC4D40726EF3FF00055FD2A /* XCRemoteSwiftPackageReference "facebook-ios-sdk" */;
			productName = FacebookCore;
		};
		ACC4D40C26EF3FF00055FD2A /* FacebookAEM */ = {
			isa = XCSwiftPackageProductDependency;
			package = ACC4D40726EF3FF00055FD2A /* XCRemoteSwiftPackageReference "facebook-ios-sdk" */;
			productName = FacebookAEM;
		};
		ACC4D40E26EF3FF00055FD2A /* FacebookGamingServices */ = {
			isa = XCSwiftPackageProductDependency;
			package = ACC4D40726EF3FF00055FD2A /* XCRemoteSwiftPackageReference "facebook-ios-sdk" */;
			productName = FacebookGamingServices;
		};
		ACC4D41026EF3FF00055FD2A /* FacebookLogin */ = {
			isa = XCSwiftPackageProductDependency;
			package = ACC4D40726EF3FF00055FD2A /* XCRemoteSwiftPackageReference "facebook-ios-sdk" */;
			productName = FacebookLogin;
		};
/* End XCSwiftPackageProductDependency section */
	};
	rootObject = ACC4D3E826EF3DCD0055FD2A /* Project object */;
}
